<?xml version="1.0" encoding="utf-8"?>
<Project ToolsVersion="4.0" xmlns="http://schemas.microsoft.com/developer/msbuild/2003">
  <ItemGroup>
    <Filter Include="Source Files">
      <UniqueIdentifier>{5f5e671a-6d34-4315-b9c8-9733aae80fcb}</UniqueIdentifier>
      <Extensions>cpp;c;cxx;rc;def;r;odl;idl;hpj;bat</Extensions>
    </Filter>
    <Filter Include="Header Files">
      <UniqueIdentifier>{b4e83752-fac5-444e-986b-2b9d3672cbdf}</UniqueIdentifier>
      <Extensions>h;hpp;hxx;hm;inl</Extensions>
    </Filter>
    <Filter Include="Resource Files">
      <UniqueIdentifier>{7b70a3f8-d04e-4eb9-9ffc-018e3d905327}</UniqueIdentifier>
      <Extensions>ico;cur;bmp;dlg;rc2;rct;bin;cnt;rtf;gif;jpg;jpeg;jpe</Extensions>
    </Filter>
  </ItemGroup>
  <ItemGroup>
    <ClCompile Include="StdAfx.cpp">
      <Filter>Source Files</Filter>
    </ClCompile>
    <ClCompile Include="SurfacePlot.cpp">
      <Filter>Source Files</Filter>
    </ClCompile>
    <ClCompile Include="SurfacePlotCtl.cpp">
      <Filter>Source Files</Filter>
    </ClCompile>
    <ClCompile Include="SurfacePlotPpg.cpp">
      <Filter>Source Files</Filter>
    </ClCompile>
  </ItemGroup>
  <ItemGroup>
    <Midl Include="SurfacePlot.odl">
      <Filter>Source Files</Filter>
    </Midl>
  </ItemGroup>
  <ItemGroup>
    <ResourceCompile Include="SurfacePlot.rc">
      <Filter>Source Files</Filter>
    </ResourceCompile>
  </ItemGroup>
  <ItemGroup>
    <ClInclude Include="Resource.h">
      <Filter>Header Files</Filter>
    </ClInclude>
    <ClInclude Include="StdAfx.h">
      <Filter>Header Files</Filter>
    </ClInclude>
    <ClInclude Include="SurfacePlot.h">
      <Filter>Header Files</Filter>
    </ClInclude>
    <ClInclude Include="SurfacePlotCtl.h">
      <Filter>Header Files</Filter>
    </ClInclude>
    <ClInclude Include="SurfacePlotPpg.h">
      <Filter>Header Files</Filter>
    </ClInclude>
  </ItemGroup>
  <ItemGroup>
    <CustomBuild Include="SurfacePlot.def">
      <Filter>Source Files</Filter>
    </CustomBuild>
    <CustomBuild Include="SurfacePlot.ico">
      <Filter>Resource Files</Filter>
    </CustomBuild>
    <CustomBuild Include="SurfacePlotCtl.bmp">
      <Filter>Resource Files</Filter>
    </CustomBuild>
    <CustomBuild Include="ReadMe.txt" />
  </ItemGroup>
</Project>