<?xml version="1.0" encoding="utf-8"?>
<Project ToolsVersion="4.0" xmlns="http://schemas.microsoft.com/developer/msbuild/2003">
  <ItemGroup>
    <Filter Include="Source Files">
      <UniqueIdentifier>{eba67460-4753-483a-9100-ce65dc2fdc5f}</UniqueIdentifier>
      <Extensions>cpp;c;cxx;rc;def;r;odl;idl;hpj;bat</Extensions>
    </Filter>
    <Filter Include="Header Files">
      <UniqueIdentifier>{efa707e4-09b5-4e01-82f4-14afd9c0863f}</UniqueIdentifier>
      <Extensions>h;hpp;hxx;hm;inl</Extensions>
    </Filter>
    <Filter Include="Text files">
      <UniqueIdentifier>{334347df-7764-44c5-a23e-91820bde8b74}</UniqueIdentifier>
      <Extensions>txt</Extensions>
    </Filter>
    <Filter Include="Resource Files">
      <UniqueIdentifier>{f80757dd-259d-4562-99c8-1a3607e3027f}</UniqueIdentifier>
      <Extensions>ico;cur;bmp;dlg;rc2;rct;bin;rgs;gif;jpg;jpeg;jpe</Extensions>
    </Filter>
  </ItemGroup>
  <ItemGroup>
    <ClCompile Include="CalendarData.cpp">
      <Filter>Source Files</Filter>
    </ClCompile>
    <ClCompile Include="Datum.cpp">
      <Filter>Source Files</Filter>
    </ClCompile>
    <ClCompile Include="LoadData.cpp">
      <Filter>Source Files</Filter>
    </ClCompile>
    <ClCompile Include="NewOptProblem.cpp">
      <Filter>Source Files</Filter>
    </ClCompile>
    <ClCompile Include="OptimizationData.cpp">
      <Filter>Source Files</Filter>
    </ClCompile>
    <ClCompile Include="OptProblem.cpp">
      <Filter>Source Files</Filter>
    </ClCompile>
    <ClCompile Include="Presjek.cpp">
      <Filter>Source Files</Filter>
    </ClCompile>
    <ClCompile Include="ProblemData.cpp">
      <Filter>Source Files</Filter>
    </ClCompile>
    <ClCompile Include="StdAfx.cpp">
      <Filter>Source Files</Filter>
    </ClCompile>
  </ItemGroup>
  <ItemGroup>
    <ClInclude Include="CalendarData.h">
      <Filter>Header Files</Filter>
    </ClInclude>
    <ClInclude Include="ModelDescription.h">
      <Filter>Header Files</Filter>
    </ClInclude>
    <ClInclude Include="OptimizationData.h">
      <Filter>Header Files</Filter>
    </ClInclude>
    <ClInclude Include="OptProblem.h">
      <Filter>Header Files</Filter>
    </ClInclude>
    <ClInclude Include="Presjek.h">
      <Filter>Header Files</Filter>
    </ClInclude>
    <ClInclude Include="ProblemData.h">
      <Filter>Header Files</Filter>
    </ClInclude>
    <ClInclude Include="StdAfx.h">
      <Filter>Header Files</Filter>
    </ClInclude>
  </ItemGroup>
  <ItemGroup>
    <Text Include="IspitiIstiDan.txt">
      <Filter>Text files</Filter>
    </Text>
    <Text Include="nasprog1.txt">
      <Filter>Text files</Filter>
    </Text>
    <Text Include="predmet.txt">
      <Filter>Text files</Filter>
    </Text>
    <Text Include="presjek1.txt">
      <Filter>Text files</Filter>
    </Text>
    <Text Include="ReadMe.txt">
      <Filter>Text files</Filter>
    </Text>
  </ItemGroup>
</Project>