<?xml version="1.0" encoding="utf-8"?>
<Project ToolsVersion="4.0" xmlns="http://schemas.microsoft.com/developer/msbuild/2003">
  <ItemGroup>
    <Filter Include="Source Files">
      <UniqueIdentifier>{75768454-032d-49ce-b80e-4e1d028787e6}</UniqueIdentifier>
      <Extensions>cpp;c;cxx;rc;def;r;odl;idl;hpj;bat</Extensions>
    </Filter>
    <Filter Include="Header Files">
      <UniqueIdentifier>{6192a5b1-3341-4181-83af-c3a59cf51705}</UniqueIdentifier>
      <Extensions>h;hpp;hxx;hm;inl</Extensions>
    </Filter>
    <Filter Include="Resource Files">
      <UniqueIdentifier>{49f88cb3-3e6e-42d0-a255-e1021a5a8d98}</UniqueIdentifier>
      <Extensions>ico;cur;bmp;dlg;rc2;rct;bin;rgs;gif;jpg;jpeg;jpe</Extensions>
    </Filter>
  </ItemGroup>
  <ItemGroup>
    <ClCompile Include="PrikazRasporedaIspita.cpp">
      <Filter>Source Files</Filter>
    </ClCompile>
    <ClCompile Include="PrikazRasporedaIspitaCtl.cpp">
      <Filter>Source Files</Filter>
    </ClCompile>
    <ClCompile Include="PrikazRasporedaIspitaPpg.cpp">
      <Filter>Source Files</Filter>
    </ClCompile>
    <ClCompile Include="StdAfx.cpp">
      <Filter>Source Files</Filter>
    </ClCompile>
  </ItemGroup>
  <ItemGroup>
    <Midl Include="PrikazRasporedaIspita.odl">
      <Filter>Source Files</Filter>
    </Midl>
  </ItemGroup>
  <ItemGroup>
    <ResourceCompile Include="PrikazRasporedaIspita.rc">
      <Filter>Source Files</Filter>
    </ResourceCompile>
  </ItemGroup>
  <ItemGroup>
    <ClInclude Include="PrikazRasporedaIspita.h">
      <Filter>Header Files</Filter>
    </ClInclude>
    <ClInclude Include="PrikazRasporedaIspitaCtl.h">
      <Filter>Header Files</Filter>
    </ClInclude>
    <ClInclude Include="PrikazRasporedaIspitaPpg.h">
      <Filter>Header Files</Filter>
    </ClInclude>
    <ClInclude Include="Resource.h">
      <Filter>Header Files</Filter>
    </ClInclude>
    <ClInclude Include="StdAfx.h">
      <Filter>Header Files</Filter>
    </ClInclude>
  </ItemGroup>
  <ItemGroup>
    <CustomBuild Include="PrikazRasporedaIspita.def">
      <Filter>Source Files</Filter>
    </CustomBuild>
    <CustomBuild Include="PrikazRasporedaIspita.ico">
      <Filter>Resource Files</Filter>
    </CustomBuild>
    <CustomBuild Include="PrikazRasporedaIspitaCtl.bmp">
      <Filter>Resource Files</Filter>
    </CustomBuild>
    <CustomBuild Include="ReadMe.txt" />
  </ItemGroup>
</Project>